
Microsoft Visual Studio Solution File, Format Version 12.00
# Visual Studio 15
VisualStudioVersion = 15.0.26430.12
MinimumVisualStudioVersion = 10.0.40219.1
Project("{FAE04EC0-301F-11D3-BF4B-00C04F79EFBC}") = "SituationCenterBackServer", "SituationCenterBackServer\SituationCenterBackServer.csproj", "{E168B5BB-3F5E-47D2-A8CA-E7771DB579BD}"
	ProjectSection(ProjectDependencies) = postProject
		{B14AB4E7-309D-416F-8949-F5BBBF848A5B} = {B14AB4E7-309D-416F-8949-F5BBBF848A5B}
		{138931FE-2A0D-4A41-A502-8BA110AF9B04} = {138931FE-2A0D-4A41-A502-8BA110AF9B04}
	EndProjectSection
EndProject
Project("{FAE04EC0-301F-11D3-BF4B-00C04F79EFBC}") = "UDPTester", "UDPTester\UDPTester.csproj", "{E4705EF3-6B2C-4C6C-89FB-C94A0AED4737}"
EndProject
Project("{FAE04EC0-301F-11D3-BF4B-00C04F79EFBC}") = "UDPServerTester", "UDPServerTester\UDPServerTester.csproj", "{FD6F903E-3E82-4EBC-ACA1-03C28D5F1BA2}"
EndProject
Project("{FAE04EC0-301F-11D3-BF4B-00C04F79EFBC}") = "Common", "Common\Common.csproj", "{4E5B2447-273E-4299-8D67-0236BFB4443B}"
EndProject
Project("{FAE04EC0-301F-11D3-BF4B-00C04F79EFBC}") = "CCF", "CCF\CCF.csproj", "{058BB83B-63B5-45C5-847C-28BC06B38B5E}"
EndProject
Project("{FAE04EC0-301F-11D3-BF4B-00C04F79EFBC}") = "SituatuionCenterTests", "SituatuionCenterTests\SituatuionCenterTests.csproj", "{A872D742-81CC-4570-9D54-80B15193CD7B}"
EndProject
Project("{FAE04EC0-301F-11D3-BF4B-00C04F79EFBC}") = "DocsToPictures", "DocsToPictures\DocsToPictures.csproj", "{B14AB4E7-309D-416F-8949-F5BBBF848A5B}"
EndProject
Project("{FAE04EC0-301F-11D3-BF4B-00C04F79EFBC}") = "DocsToPictures.Tests", "DocsToPictures.Tests\DocsToPictures.Tests.csproj", "{91D0051C-8227-400B-A790-38FC36F7B481}"
EndProject
Project("{FAE04EC0-301F-11D3-BF4B-00C04F79EFBC}") = "WorkAroundFilesBuffer", "WorkAroundFilesBuffer\WorkAroundFilesBuffer.csproj", "{138931FE-2A0D-4A41-A502-8BA110AF9B04}"
EndProject
Global
	GlobalSection(SolutionConfigurationPlatforms) = preSolution
		Debug|Any CPU = Debug|Any CPU
		Debug|x64 = Debug|x64
		Debug|x86 = Debug|x86
		Release|Any CPU = Release|Any CPU
		Release|x64 = Release|x64
		Release|x86 = Release|x86
	EndGlobalSection
	GlobalSection(ProjectConfigurationPlatforms) = postSolution
		{E168B5BB-3F5E-47D2-A8CA-E7771DB579BD}.Debug|Any CPU.ActiveCfg = Debug|Any CPU
		{E168B5BB-3F5E-47D2-A8CA-E7771DB579BD}.Debug|Any CPU.Build.0 = Debug|Any CPU
		{E168B5BB-3F5E-47D2-A8CA-E7771DB579BD}.Debug|x64.ActiveCfg = Debug|Any CPU
		{E168B5BB-3F5E-47D2-A8CA-E7771DB579BD}.Debug|x64.Build.0 = Debug|Any CPU
		{E168B5BB-3F5E-47D2-A8CA-E7771DB579BD}.Debug|x86.ActiveCfg = Debug|Any CPU
		{E168B5BB-3F5E-47D2-A8CA-E7771DB579BD}.Debug|x86.Build.0 = Debug|Any CPU
		{E168B5BB-3F5E-47D2-A8CA-E7771DB579BD}.Release|Any CPU.ActiveCfg = Release|Any CPU
		{E168B5BB-3F5E-47D2-A8CA-E7771DB579BD}.Release|Any CPU.Build.0 = Release|Any CPU
		{E168B5BB-3F5E-47D2-A8CA-E7771DB579BD}.Release|x64.ActiveCfg = Release|Any CPU
		{E168B5BB-3F5E-47D2-A8CA-E7771DB579BD}.Release|x64.Build.0 = Release|Any CPU
		{E168B5BB-3F5E-47D2-A8CA-E7771DB579BD}.Release|x86.ActiveCfg = Release|Any CPU
		{E168B5BB-3F5E-47D2-A8CA-E7771DB579BD}.Release|x86.Build.0 = Release|Any CPU
		{E4705EF3-6B2C-4C6C-89FB-C94A0AED4737}.Debug|Any CPU.ActiveCfg = Debug|Any CPU
		{E4705EF3-6B2C-4C6C-89FB-C94A0AED4737}.Debug|Any CPU.Build.0 = Debug|Any CPU
		{E4705EF3-6B2C-4C6C-89FB-C94A0AED4737}.Debug|x64.ActiveCfg = Debug|Any CPU
		{E4705EF3-6B2C-4C6C-89FB-C94A0AED4737}.Debug|x64.Build.0 = Debug|Any CPU
		{E4705EF3-6B2C-4C6C-89FB-C94A0AED4737}.Debug|x86.ActiveCfg = Debug|Any CPU
		{E4705EF3-6B2C-4C6C-89FB-C94A0AED4737}.Debug|x86.Build.0 = Debug|Any CPU
		{E4705EF3-6B2C-4C6C-89FB-C94A0AED4737}.Release|Any CPU.ActiveCfg = Release|Any CPU
		{E4705EF3-6B2C-4C6C-89FB-C94A0AED4737}.Release|Any CPU.Build.0 = Release|Any CPU
		{E4705EF3-6B2C-4C6C-89FB-C94A0AED4737}.Release|x64.ActiveCfg = Release|Any CPU
		{E4705EF3-6B2C-4C6C-89FB-C94A0AED4737}.Release|x64.Build.0 = Release|Any CPU
		{E4705EF3-6B2C-4C6C-89FB-C94A0AED4737}.Release|x86.ActiveCfg = Release|Any CPU
		{E4705EF3-6B2C-4C6C-89FB-C94A0AED4737}.Release|x86.Build.0 = Release|Any CPU
		{FD6F903E-3E82-4EBC-ACA1-03C28D5F1BA2}.Debug|Any CPU.ActiveCfg = Debug|Any CPU
		{FD6F903E-3E82-4EBC-ACA1-03C28D5F1BA2}.Debug|Any CPU.Build.0 = Debug|Any CPU
		{FD6F903E-3E82-4EBC-ACA1-03C28D5F1BA2}.Debug|x64.ActiveCfg = Debug|Any CPU
		{FD6F903E-3E82-4EBC-ACA1-03C28D5F1BA2}.Debug|x64.Build.0 = Debug|Any CPU
		{FD6F903E-3E82-4EBC-ACA1-03C28D5F1BA2}.Debug|x86.ActiveCfg = Debug|Any CPU
		{FD6F903E-3E82-4EBC-ACA1-03C28D5F1BA2}.Debug|x86.Build.0 = Debug|Any CPU
		{FD6F903E-3E82-4EBC-ACA1-03C28D5F1BA2}.Release|Any CPU.ActiveCfg = Release|Any CPU
		{FD6F903E-3E82-4EBC-ACA1-03C28D5F1BA2}.Release|Any CPU.Build.0 = Release|Any CPU
		{FD6F903E-3E82-4EBC-ACA1-03C28D5F1BA2}.Release|x64.ActiveCfg = Release|Any CPU
		{FD6F903E-3E82-4EBC-ACA1-03C28D5F1BA2}.Release|x64.Build.0 = Release|Any CPU
		{FD6F903E-3E82-4EBC-ACA1-03C28D5F1BA2}.Release|x86.ActiveCfg = Release|Any CPU
		{FD6F903E-3E82-4EBC-ACA1-03C28D5F1BA2}.Release|x86.Build.0 = Release|Any CPU
		{4E5B2447-273E-4299-8D67-0236BFB4443B}.Debug|Any CPU.ActiveCfg = Debug|Any CPU
		{4E5B2447-273E-4299-8D67-0236BFB4443B}.Debug|Any CPU.Build.0 = Debug|Any CPU
		{4E5B2447-273E-4299-8D67-0236BFB4443B}.Debug|x64.ActiveCfg = Debug|Any CPU
		{4E5B2447-273E-4299-8D67-0236BFB4443B}.Debug|x64.Build.0 = Debug|Any CPU
		{4E5B2447-273E-4299-8D67-0236BFB4443B}.Debug|x86.ActiveCfg = Debug|Any CPU
		{4E5B2447-273E-4299-8D67-0236BFB4443B}.Debug|x86.Build.0 = Debug|Any CPU
		{4E5B2447-273E-4299-8D67-0236BFB4443B}.Release|Any CPU.ActiveCfg = Release|Any CPU
		{4E5B2447-273E-4299-8D67-0236BFB4443B}.Release|Any CPU.Build.0 = Release|Any CPU
		{4E5B2447-273E-4299-8D67-0236BFB4443B}.Release|x64.ActiveCfg = Release|Any CPU
		{4E5B2447-273E-4299-8D67-0236BFB4443B}.Release|x64.Build.0 = Release|Any CPU
		{4E5B2447-273E-4299-8D67-0236BFB4443B}.Release|x86.ActiveCfg = Release|Any CPU
		{4E5B2447-273E-4299-8D67-0236BFB4443B}.Release|x86.Build.0 = Release|Any CPU
		{058BB83B-63B5-45C5-847C-28BC06B38B5E}.Debug|Any CPU.ActiveCfg = Debug|Any CPU
		{058BB83B-63B5-45C5-847C-28BC06B38B5E}.Debug|Any CPU.Build.0 = Debug|Any CPU
		{058BB83B-63B5-45C5-847C-28BC06B38B5E}.Debug|x64.ActiveCfg = Debug|Any CPU
		{058BB83B-63B5-45C5-847C-28BC06B38B5E}.Debug|x64.Build.0 = Debug|Any CPU
		{058BB83B-63B5-45C5-847C-28BC06B38B5E}.Debug|x86.ActiveCfg = Debug|Any CPU
		{058BB83B-63B5-45C5-847C-28BC06B38B5E}.Debug|x86.Build.0 = Debug|Any CPU
		{058BB83B-63B5-45C5-847C-28BC06B38B5E}.Release|Any CPU.ActiveCfg = Release|Any CPU
		{058BB83B-63B5-45C5-847C-28BC06B38B5E}.Release|Any CPU.Build.0 = Release|Any CPU
		{058BB83B-63B5-45C5-847C-28BC06B38B5E}.Release|x64.ActiveCfg = Release|Any CPU
		{058BB83B-63B5-45C5-847C-28BC06B38B5E}.Release|x64.Build.0 = Release|Any CPU
		{058BB83B-63B5-45C5-847C-28BC06B38B5E}.Release|x86.ActiveCfg = Release|Any CPU
		{058BB83B-63B5-45C5-847C-28BC06B38B5E}.Release|x86.Build.0 = Release|Any CPU
		{A872D742-81CC-4570-9D54-80B15193CD7B}.Debug|Any CPU.ActiveCfg = Debug|Any CPU
		{A872D742-81CC-4570-9D54-80B15193CD7B}.Debug|Any CPU.Build.0 = Debug|Any CPU
		{A872D742-81CC-4570-9D54-80B15193CD7B}.Debug|x64.ActiveCfg = Debug|Any CPU
		{A872D742-81CC-4570-9D54-80B15193CD7B}.Debug|x64.Build.0 = Debug|Any CPU
		{A872D742-81CC-4570-9D54-80B15193CD7B}.Debug|x86.ActiveCfg = Debug|Any CPU
		{A872D742-81CC-4570-9D54-80B15193CD7B}.Debug|x86.Build.0 = Debug|Any CPU
		{A872D742-81CC-4570-9D54-80B15193CD7B}.Release|Any CPU.ActiveCfg = Release|Any CPU
		{A872D742-81CC-4570-9D54-80B15193CD7B}.Release|Any CPU.Build.0 = Release|Any CPU
		{A872D742-81CC-4570-9D54-80B15193CD7B}.Release|x64.ActiveCfg = Release|Any CPU
		{A872D742-81CC-4570-9D54-80B15193CD7B}.Release|x64.Build.0 = Release|Any CPU
		{A872D742-81CC-4570-9D54-80B15193CD7B}.Release|x86.ActiveCfg = Release|Any CPU
		{A872D742-81CC-4570-9D54-80B15193CD7B}.Release|x86.Build.0 = Release|Any CPU
		{B14AB4E7-309D-416F-8949-F5BBBF848A5B}.Debug|Any CPU.ActiveCfg = Debug|Any CPU
		{B14AB4E7-309D-416F-8949-F5BBBF848A5B}.Debug|Any CPU.Build.0 = Debug|Any CPU
		{B14AB4E7-309D-416F-8949-F5BBBF848A5B}.Debug|x64.ActiveCfg = Debug|Any CPU
		{B14AB4E7-309D-416F-8949-F5BBBF848A5B}.Debug|x64.Build.0 = Debug|Any CPU
		{B14AB4E7-309D-416F-8949-F5BBBF848A5B}.Debug|x86.ActiveCfg = Debug|Any CPU
		{B14AB4E7-309D-416F-8949-F5BBBF848A5B}.Debug|x86.Build.0 = Debug|Any CPU
		{B14AB4E7-309D-416F-8949-F5BBBF848A5B}.Release|Any CPU.ActiveCfg = Release|Any CPU
		{B14AB4E7-309D-416F-8949-F5BBBF848A5B}.Release|Any CPU.Build.0 = Release|Any CPU
		{B14AB4E7-309D-416F-8949-F5BBBF848A5B}.Release|x64.ActiveCfg = Release|Any CPU
		{B14AB4E7-309D-416F-8949-F5BBBF848A5B}.Release|x64.Build.0 = Release|Any CPU
		{B14AB4E7-309D-416F-8949-F5BBBF848A5B}.Release|x86.ActiveCfg = Release|Any CPU
		{B14AB4E7-309D-416F-8949-F5BBBF848A5B}.Release|x86.Build.0 = Release|Any CPU
		{91D0051C-8227-400B-A790-38FC36F7B481}.Debug|Any CPU.ActiveCfg = Debug|Any CPU
		{91D0051C-8227-400B-A790-38FC36F7B481}.Debug|Any CPU.Build.0 = Debug|Any CPU
		{91D0051C-8227-400B-A790-38FC36F7B481}.Debug|x64.ActiveCfg = Debug|Any CPU
		{91D0051C-8227-400B-A790-38FC36F7B481}.Debug|x64.Build.0 = Debug|Any CPU
		{91D0051C-8227-400B-A790-38FC36F7B481}.Debug|x86.ActiveCfg = Debug|Any CPU
		{91D0051C-8227-400B-A790-38FC36F7B481}.Debug|x86.Build.0 = Debug|Any CPU
		{91D0051C-8227-400B-A790-38FC36F7B481}.Release|Any CPU.ActiveCfg = Release|Any CPU
		{91D0051C-8227-400B-A790-38FC36F7B481}.Release|Any CPU.Build.0 = Release|Any CPU
		{91D0051C-8227-400B-A790-38FC36F7B481}.Release|x64.ActiveCfg = Release|Any CPU
		{91D0051C-8227-400B-A790-38FC36F7B481}.Release|x64.Build.0 = Release|Any CPU
		{91D0051C-8227-400B-A790-38FC36F7B481}.Release|x86.ActiveCfg = Release|Any CPU
		{91D0051C-8227-400B-A790-38FC36F7B481}.Release|x86.Build.0 = Release|Any CPU
		{138931FE-2A0D-4A41-A502-8BA110AF9B04}.Debug|Any CPU.ActiveCfg = Debug|Any CPU
		{138931FE-2A0D-4A41-A502-8BA110AF9B04}.Debug|Any CPU.Build.0 = Debug|Any CPU
		{138931FE-2A0D-4A41-A502-8BA110AF9B04}.Debug|x64.ActiveCfg = Debug|Any CPU
		{138931FE-2A0D-4A41-A502-8BA110AF9B04}.Debug|x64.Build.0 = Debug|Any CPU
		{138931FE-2A0D-4A41-A502-8BA110AF9B04}.Debug|x86.ActiveCfg = Debug|Any CPU
		{138931FE-2A0D-4A41-A502-8BA110AF9B04}.Debug|x86.Build.0 = Debug|Any CPU
		{138931FE-2A0D-4A41-A502-8BA110AF9B04}.Release|Any CPU.ActiveCfg = Release|Any CPU
		{138931FE-2A0D-4A41-A502-8BA110AF9B04}.Release|Any CPU.Build.0 = Release|Any CPU
		{138931FE-2A0D-4A41-A502-8BA110AF9B04}.Release|x64.ActiveCfg = Release|Any CPU
		{138931FE-2A0D-4A41-A502-8BA110AF9B04}.Release|x64.Build.0 = Release|Any CPU
		{138931FE-2A0D-4A41-A502-8BA110AF9B04}.Release|x86.ActiveCfg = Release|Any CPU
		{138931FE-2A0D-4A41-A502-8BA110AF9B04}.Release|x86.Build.0 = Release|Any CPU
	EndGlobalSection
	GlobalSection(SolutionProperties) = preSolution
		HideSolutionNode = FALSE
	EndGlobalSection
EndGlobal
